// !$*UTF8*$!
{
	archiveVersion = 1;
	classes = {
	};
	objectVersion = 52;
	objects = {

/* Begin PBXBuildFile section */
		A059302F2477676100D5CB2B /* AppDelegate.swift in Sources */ = {isa = PBXBuildFile; fileRef = A059302E2477676100D5CB2B /* AppDelegate.swift */; };
		A05930332477676100D5CB2B /* ViewController.swift in Sources */ = {isa = PBXBuildFile; fileRef = A05930322477676100D5CB2B /* ViewController.swift */; };
		A05930382477676600D5CB2B /* Assets.xcassets in Resources */ = {isa = PBXBuildFile; fileRef = A05930372477676600D5CB2B /* Assets.xcassets */; };
		A059303B2477676600D5CB2B /* LaunchScreen.storyboard in Resources */ = {isa = PBXBuildFile; fileRef = A05930392477676600D5CB2B /* LaunchScreen.storyboard */; };
		A05930462477676600D5CB2B /* image_browserTests.swift in Sources */ = {isa = PBXBuildFile; fileRef = A05930452477676600D5CB2B /* image_browserTests.swift */; };
		A059305324776BB800D5CB2B /* NetworkManager.swift in Sources */ = {isa = PBXBuildFile; fileRef = A059305224776BB800D5CB2B /* NetworkManager.swift */; };
		A059305524776BFF00D5CB2B /* NetworkError.swift in Sources */ = {isa = PBXBuildFile; fileRef = A059305424776BFF00D5CB2B /* NetworkError.swift */; };
		A059305724776C3800D5CB2B /* EndPoint.swift in Sources */ = {isa = PBXBuildFile; fileRef = A059305624776C3800D5CB2B /* EndPoint.swift */; };
		A059305A2477783900D5CB2B /* BaseService.swift in Sources */ = {isa = PBXBuildFile; fileRef = A05930592477783900D5CB2B /* BaseService.swift */; };
		A059305D2477792300D5CB2B /* SearchImagesService.swift in Sources */ = {isa = PBXBuildFile; fileRef = A059305C2477792300D5CB2B /* SearchImagesService.swift */; };
		A059305F24777EDB00D5CB2B /* SearchResults.swift in Sources */ = {isa = PBXBuildFile; fileRef = A059305E24777EDB00D5CB2B /* SearchResults.swift */; };
		A06B73502477913700818E05 /* ImageDownloader.swift in Sources */ = {isa = PBXBuildFile; fileRef = A06B734F2477913700818E05 /* ImageDownloader.swift */; };
		A06B7354247796AC00818E05 /* SearchController.swift in Sources */ = {isa = PBXBuildFile; fileRef = A06B7353247796AC00818E05 /* SearchController.swift */; };
		A06B7356247796F000818E05 /* SearchViewModel.swift in Sources */ = {isa = PBXBuildFile; fileRef = A06B7355247796F000818E05 /* SearchViewModel.swift */; };
		A06B735A2477998800818E05 /* UIViewController+Extension.swift in Sources */ = {isa = PBXBuildFile; fileRef = A06B73592477998800818E05 /* UIViewController+Extension.swift */; };
		A06B735D24779A0200818E05 /* Stevia in Frameworks */ = {isa = PBXBuildFile; productRef = A06B735C24779A0200818E05 /* Stevia */; };
		A06B73602477A7D900818E05 /* SJTextField.swift in Sources */ = {isa = PBXBuildFile; fileRef = A06B735F2477A7D900818E05 /* SJTextField.swift */; };
		A06B73622477AA4C00818E05 /* FloatingPoint+Extensions.swift in Sources */ = {isa = PBXBuildFile; fileRef = A06B73612477AA4C00818E05 /* FloatingPoint+Extensions.swift */; };
		A06B73652477B48A00818E05 /* FetchRequestStatus.swift in Sources */ = {isa = PBXBuildFile; fileRef = A06B73642477B48A00818E05 /* FetchRequestStatus.swift */; };
/* End PBXBuildFile section */

/* Begin PBXContainerItemProxy section */
		A05930422477676600D5CB2B /* PBXContainerItemProxy */ = {
			isa = PBXContainerItemProxy;
			containerPortal = A05930232477676100D5CB2B /* Project object */;
			proxyType = 1;
			remoteGlobalIDString = A059302A2477676100D5CB2B;
			remoteInfo = "image-browser";
		};
/* End PBXContainerItemProxy section */

/* Begin PBXFileReference section */
		A059302B2477676100D5CB2B /* image-browser.app */ = {isa = PBXFileReference; explicitFileType = wrapper.application; includeInIndex = 0; path = "image-browser.app"; sourceTree = BUILT_PRODUCTS_DIR; };
		A059302E2477676100D5CB2B /* AppDelegate.swift */ = {isa = PBXFileReference; lastKnownFileType = sourcecode.swift; path = AppDelegate.swift; sourceTree = "<group>"; };
		A05930322477676100D5CB2B /* ViewController.swift */ = {isa = PBXFileReference; lastKnownFileType = sourcecode.swift; path = ViewController.swift; sourceTree = "<group>"; };
		A05930372477676600D5CB2B /* Assets.xcassets */ = {isa = PBXFileReference; lastKnownFileType = folder.assetcatalog; path = Assets.xcassets; sourceTree = "<group>"; };
		A059303A2477676600D5CB2B /* Base */ = {isa = PBXFileReference; lastKnownFileType = file.storyboard; name = Base; path = Base.lproj/LaunchScreen.storyboard; sourceTree = "<group>"; };
		A059303C2477676600D5CB2B /* Info.plist */ = {isa = PBXFileReference; lastKnownFileType = text.plist.xml; path = Info.plist; sourceTree = "<group>"; };
		A05930412477676600D5CB2B /* image-browserTests.xctest */ = {isa = PBXFileReference; explicitFileType = wrapper.cfbundle; includeInIndex = 0; path = "image-browserTests.xctest"; sourceTree = BUILT_PRODUCTS_DIR; };
		A05930452477676600D5CB2B /* image_browserTests.swift */ = {isa = PBXFileReference; lastKnownFileType = sourcecode.swift; path = image_browserTests.swift; sourceTree = "<group>"; };
		A05930472477676600D5CB2B /* Info.plist */ = {isa = PBXFileReference; lastKnownFileType = text.plist.xml; path = Info.plist; sourceTree = "<group>"; };
		A059305224776BB800D5CB2B /* NetworkManager.swift */ = {isa = PBXFileReference; lastKnownFileType = sourcecode.swift; path = NetworkManager.swift; sourceTree = "<group>"; };
		A059305424776BFF00D5CB2B /* NetworkError.swift */ = {isa = PBXFileReference; lastKnownFileType = sourcecode.swift; path = NetworkError.swift; sourceTree = "<group>"; };
		A059305624776C3800D5CB2B /* EndPoint.swift */ = {isa = PBXFileReference; lastKnownFileType = sourcecode.swift; path = EndPoint.swift; sourceTree = "<group>"; };
		A05930592477783900D5CB2B /* BaseService.swift */ = {isa = PBXFileReference; lastKnownFileType = sourcecode.swift; path = BaseService.swift; sourceTree = "<group>"; };
		A059305C2477792300D5CB2B /* SearchImagesService.swift */ = {isa = PBXFileReference; lastKnownFileType = sourcecode.swift; path = SearchImagesService.swift; sourceTree = "<group>"; };
		A059305E24777EDB00D5CB2B /* SearchResults.swift */ = {isa = PBXFileReference; lastKnownFileType = sourcecode.swift; path = SearchResults.swift; sourceTree = "<group>"; };
		A06B734F2477913700818E05 /* ImageDownloader.swift */ = {isa = PBXFileReference; lastKnownFileType = sourcecode.swift; path = ImageDownloader.swift; sourceTree = "<group>"; };
		A06B7353247796AC00818E05 /* SearchController.swift */ = {isa = PBXFileReference; lastKnownFileType = sourcecode.swift; path = SearchController.swift; sourceTree = "<group>"; };
		A06B7355247796F000818E05 /* SearchViewModel.swift */ = {isa = PBXFileReference; lastKnownFileType = sourcecode.swift; path = SearchViewModel.swift; sourceTree = "<group>"; };
		A06B73592477998800818E05 /* UIViewController+Extension.swift */ = {isa = PBXFileReference; lastKnownFileType = sourcecode.swift; path = "UIViewController+Extension.swift"; sourceTree = "<group>"; };
		A06B735F2477A7D900818E05 /* SJTextField.swift */ = {isa = PBXFileReference; lastKnownFileType = sourcecode.swift; path = SJTextField.swift; sourceTree = "<group>"; };
		A06B73612477AA4C00818E05 /* FloatingPoint+Extensions.swift */ = {isa = PBXFileReference; fileEncoding = 4; lastKnownFileType = sourcecode.swift; path = "FloatingPoint+Extensions.swift"; sourceTree = "<group>"; };
		A06B73642477B48A00818E05 /* FetchRequestStatus.swift */ = {isa = PBXFileReference; fileEncoding = 4; lastKnownFileType = sourcecode.swift; path = FetchRequestStatus.swift; sourceTree = "<group>"; };
/* End PBXFileReference section */

/* Begin PBXFrameworksBuildPhase section */
		A05930282477676100D5CB2B /* Frameworks */ = {
			isa = PBXFrameworksBuildPhase;
			buildActionMask = 2147483647;
			files = (
				A06B735D24779A0200818E05 /* Stevia in Frameworks */,
			);
			runOnlyForDeploymentPostprocessing = 0;
		};
		A059303E2477676600D5CB2B /* Frameworks */ = {
			isa = PBXFrameworksBuildPhase;
			buildActionMask = 2147483647;
			files = (
			);
			runOnlyForDeploymentPostprocessing = 0;
		};
/* End PBXFrameworksBuildPhase section */

/* Begin PBXGroup section */
		A05930222477676100D5CB2B = {
			isa = PBXGroup;
			children = (
				A059302D2477676100D5CB2B /* image-browser */,
				A05930442477676600D5CB2B /* image-browserTests */,
				A059302C2477676100D5CB2B /* Products */,
			);
			sourceTree = "<group>";
		};
		A059302C2477676100D5CB2B /* Products */ = {
			isa = PBXGroup;
			children = (
				A059302B2477676100D5CB2B /* image-browser.app */,
				A05930412477676600D5CB2B /* image-browserTests.xctest */,
			);
			name = Products;
			sourceTree = "<group>";
		};
		A059302D2477676100D5CB2B /* image-browser */ = {
			isa = PBXGroup;
			children = (
				A06B73572477995700818E05 /* Common */,
				A06B7351247794DB00818E05 /* Modules */,
				A059305024776B9100D5CB2B /* Managers */,
				A059302E2477676100D5CB2B /* AppDelegate.swift */,
				A05930322477676100D5CB2B /* ViewController.swift */,
				A05930372477676600D5CB2B /* Assets.xcassets */,
				A05930392477676600D5CB2B /* LaunchScreen.storyboard */,
				A059303C2477676600D5CB2B /* Info.plist */,
			);
			path = "image-browser";
			sourceTree = "<group>";
		};
		A05930442477676600D5CB2B /* image-browserTests */ = {
			isa = PBXGroup;
			children = (
				A05930452477676600D5CB2B /* image_browserTests.swift */,
				A05930472477676600D5CB2B /* Info.plist */,
			);
			path = "image-browserTests";
			sourceTree = "<group>";
		};
		A059305024776B9100D5CB2B /* Managers */ = {
			isa = PBXGroup;
			children = (
				A06B734D247790EC00818E05 /* Cache */,
				A059305124776BA300D5CB2B /* Network */,
			);
			path = Managers;
			sourceTree = "<group>";
		};
		A059305124776BA300D5CB2B /* Network */ = {
			isa = PBXGroup;
			children = (
				A0593058247777FB00D5CB2B /* Services */,
				A059305224776BB800D5CB2B /* NetworkManager.swift */,
				A059305424776BFF00D5CB2B /* NetworkError.swift */,
				A059305624776C3800D5CB2B /* EndPoint.swift */,
			);
			path = Network;
			sourceTree = "<group>";
		};
		A0593058247777FB00D5CB2B /* Services */ = {
			isa = PBXGroup;
			children = (
				A05930592477783900D5CB2B /* BaseService.swift */,
				A059305B2477790200D5CB2B /* SearchImages */,
			);
			path = Services;
			sourceTree = "<group>";
		};
		A059305B2477790200D5CB2B /* SearchImages */ = {
			isa = PBXGroup;
			children = (
				A059305C2477792300D5CB2B /* SearchImagesService.swift */,
			);
			path = SearchImages;
			sourceTree = "<group>";
		};
		A06B734D247790EC00818E05 /* Cache */ = {
			isa = PBXGroup;
			children = (
				A06B734E2477910100818E05 /* Images */,
			);
			path = Cache;
			sourceTree = "<group>";
		};
		A06B734E2477910100818E05 /* Images */ = {
			isa = PBXGroup;
			children = (
				A06B734F2477913700818E05 /* ImageDownloader.swift */,
			);
			path = Images;
			sourceTree = "<group>";
		};
		A06B7351247794DB00818E05 /* Modules */ = {
			isa = PBXGroup;
			children = (
				A06B73522477967800818E05 /* Search */,
			);
			path = Modules;
			sourceTree = "<group>";
		};
		A06B73522477967800818E05 /* Search */ = {
			isa = PBXGroup;
			children = (
				A059305E24777EDB00D5CB2B /* SearchResults.swift */,
				A06B7353247796AC00818E05 /* SearchController.swift */,
				A06B7355247796F000818E05 /* SearchViewModel.swift */,
			);
			path = Search;
			sourceTree = "<group>";
		};
		A06B73572477995700818E05 /* Common */ = {
			isa = PBXGroup;
			children = (
				A06B73632477B48A00818E05 /* Enums */,
				A06B735E2477A7C400818E05 /* Views */,
				A06B73582477996800818E05 /* Extensions */,
			);
			path = Common;
			sourceTree = "<group>";
		};
		A06B73582477996800818E05 /* Extensions */ = {
			isa = PBXGroup;
			children = (
				A06B73612477AA4C00818E05 /* FloatingPoint+Extensions.swift */,
				A06B73592477998800818E05 /* UIViewController+Extension.swift */,
			);
			path = Extensions;
			sourceTree = "<group>";
		};
		A06B735E2477A7C400818E05 /* Views */ = {
			isa = PBXGroup;
			children = (
				A06B735F2477A7D900818E05 /* SJTextField.swift */,
			);
			path = Views;
			sourceTree = "<group>";
		};
		A06B73632477B48A00818E05 /* Enums */ = {
			isa = PBXGroup;
			children = (
				A06B73642477B48A00818E05 /* FetchRequestStatus.swift */,
			);
			path = Enums;
			sourceTree = "<group>";
		};
/* End PBXGroup section */

/* Begin PBXNativeTarget section */
		A059302A2477676100D5CB2B /* image-browser */ = {
			isa = PBXNativeTarget;
			buildConfigurationList = A059304A2477676600D5CB2B /* Build configuration list for PBXNativeTarget "image-browser" */;
			buildPhases = (
				A05930272477676100D5CB2B /* Sources */,
				A05930282477676100D5CB2B /* Frameworks */,
				A05930292477676100D5CB2B /* Resources */,
			);
			buildRules = (
			);
			dependencies = (
			);
			name = "image-browser";
			packageProductDependencies = (
				A06B735C24779A0200818E05 /* Stevia */,
			);
			productName = "image-browser";
			productReference = A059302B2477676100D5CB2B /* image-browser.app */;
			productType = "com.apple.product-type.application";
		};
		A05930402477676600D5CB2B /* image-browserTests */ = {
			isa = PBXNativeTarget;
			buildConfigurationList = A059304D2477676600D5CB2B /* Build configuration list for PBXNativeTarget "image-browserTests" */;
			buildPhases = (
				A059303D2477676600D5CB2B /* Sources */,
				A059303E2477676600D5CB2B /* Frameworks */,
				A059303F2477676600D5CB2B /* Resources */,
			);
			buildRules = (
			);
			dependencies = (
				A05930432477676600D5CB2B /* PBXTargetDependency */,
			);
			name = "image-browserTests";
			productName = "image-browserTests";
			productReference = A05930412477676600D5CB2B /* image-browserTests.xctest */;
			productType = "com.apple.product-type.bundle.unit-test";
		};
/* End PBXNativeTarget section */

/* Begin PBXProject section */
		A05930232477676100D5CB2B /* Project object */ = {
			isa = PBXProject;
			attributes = {
				LastSwiftUpdateCheck = 1140;
				LastUpgradeCheck = 1140;
				ORGANIZATIONNAME = "Shivam Jaiswal";
				TargetAttributes = {
					A059302A2477676100D5CB2B = {
						CreatedOnToolsVersion = 11.4;
					};
					A05930402477676600D5CB2B = {
						CreatedOnToolsVersion = 11.4;
						TestTargetID = A059302A2477676100D5CB2B;
					};
				};
			};
			buildConfigurationList = A05930262477676100D5CB2B /* Build configuration list for PBXProject "image-browser" */;
			compatibilityVersion = "Xcode 9.3";
			developmentRegion = en;
			hasScannedForEncodings = 0;
			knownRegions = (
				en,
				Base,
			);
			mainGroup = A05930222477676100D5CB2B;
			packageReferences = (
				A06B735B24779A0200818E05 /* XCRemoteSwiftPackageReference "Stevia" */,
			);
			productRefGroup = A059302C2477676100D5CB2B /* Products */;
			projectDirPath = "";
			projectRoot = "";
			targets = (
				A059302A2477676100D5CB2B /* image-browser */,
				A05930402477676600D5CB2B /* image-browserTests */,
			);
		};
/* End PBXProject section */

/* Begin PBXResourcesBuildPhase section */
		A05930292477676100D5CB2B /* Resources */ = {
			isa = PBXResourcesBuildPhase;
			buildActionMask = 2147483647;
			files = (
				A059303B2477676600D5CB2B /* LaunchScreen.storyboard in Resources */,
				A05930382477676600D5CB2B /* Assets.xcassets in Resources */,
			);
			runOnlyForDeploymentPostprocessing = 0;
		};
		A059303F2477676600D5CB2B /* Resources */ = {
			isa = PBXResourcesBuildPhase;
			buildActionMask = 2147483647;
			files = (
			);
			runOnlyForDeploymentPostprocessing = 0;
		};
/* End PBXResourcesBuildPhase section */

/* Begin PBXSourcesBuildPhase section */
		A05930272477676100D5CB2B /* Sources */ = {
			isa = PBXSourcesBuildPhase;
			buildActionMask = 2147483647;
			files = (
				A06B735A2477998800818E05 /* UIViewController+Extension.swift in Sources */,
				A06B7356247796F000818E05 /* SearchViewModel.swift in Sources */,
				A059305D2477792300D5CB2B /* SearchImagesService.swift in Sources */,
				A06B73602477A7D900818E05 /* SJTextField.swift in Sources */,
				A06B7354247796AC00818E05 /* SearchController.swift in Sources */,
				A059305324776BB800D5CB2B /* NetworkManager.swift in Sources */,
				A059305F24777EDB00D5CB2B /* SearchResults.swift in Sources */,
				A06B73652477B48A00818E05 /* FetchRequestStatus.swift in Sources */,
				A059305524776BFF00D5CB2B /* NetworkError.swift in Sources */,
				A059305A2477783900D5CB2B /* BaseService.swift in Sources */,
				A059305724776C3800D5CB2B /* EndPoint.swift in Sources */,
				A06B73622477AA4C00818E05 /* FloatingPoint+Extensions.swift in Sources */,
				A05930332477676100D5CB2B /* ViewController.swift in Sources */,
				A06B73502477913700818E05 /* ImageDownloader.swift in Sources */,
				A059302F2477676100D5CB2B /* AppDelegate.swift in Sources */,
			);
			runOnlyForDeploymentPostprocessing = 0;
		};
		A059303D2477676600D5CB2B /* Sources */ = {
			isa = PBXSourcesBuildPhase;
			buildActionMask = 2147483647;
			files = (
				A05930462477676600D5CB2B /* image_browserTests.swift in Sources */,
			);
			runOnlyForDeploymentPostprocessing = 0;
		};
/* End PBXSourcesBuildPhase section */

/* Begin PBXTargetDependency section */
		A05930432477676600D5CB2B /* PBXTargetDependency */ = {
			isa = PBXTargetDependency;
			target = A059302A2477676100D5CB2B /* image-browser */;
			targetProxy = A05930422477676600D5CB2B /* PBXContainerItemProxy */;
		};
/* End PBXTargetDependency section */

/* Begin PBXVariantGroup section */
		A05930392477676600D5CB2B /* LaunchScreen.storyboard */ = {
			isa = PBXVariantGroup;
			children = (
				A059303A2477676600D5CB2B /* Base */,
			);
			name = LaunchScreen.storyboard;
			sourceTree = "<group>";
		};
/* End PBXVariantGroup section */

/* Begin XCBuildConfiguration section */
		A05930482477676600D5CB2B /* Debug */ = {
			isa = XCBuildConfiguration;
			buildSettings = {
				ALWAYS_SEARCH_USER_PATHS = NO;
				CLANG_ANALYZER_NONNULL = YES;
				CLANG_ANALYZER_NUMBER_OBJECT_CONVERSION = YES_AGGRESSIVE;
				CLANG_CXX_LANGUAGE_STANDARD = "gnu++14";
				CLANG_CXX_LIBRARY = "libc++";
				CLANG_ENABLE_MODULES = YES;
				CLANG_ENABLE_OBJC_ARC = YES;
				CLANG_ENABLE_OBJC_WEAK = YES;
				CLANG_WARN_BLOCK_CAPTURE_AUTORELEASING = YES;
				CLANG_WARN_BOOL_CONVERSION = YES;
				CLANG_WARN_COMMA = YES;
				CLANG_WARN_CONSTANT_CONVERSION = YES;
				CLANG_WARN_DEPRECATED_OBJC_IMPLEMENTATIONS = YES;
				CLANG_WARN_DIRECT_OBJC_ISA_USAGE = YES_ERROR;
				CLANG_WARN_DOCUMENTATION_COMMENTS = YES;
				CLANG_WARN_EMPTY_BODY = YES;
				CLANG_WARN_ENUM_CONVERSION = YES;
				CLANG_WARN_INFINITE_RECURSION = YES;
				CLANG_WARN_INT_CONVERSION = YES;
				CLANG_WARN_NON_LITERAL_NULL_CONVERSION = YES;
				CLANG_WARN_OBJC_IMPLICIT_RETAIN_SELF = YES;
				CLANG_WARN_OBJC_LITERAL_CONVERSION = YES;
				CLANG_WARN_OBJC_ROOT_CLASS = YES_ERROR;
				CLANG_WARN_RANGE_LOOP_ANALYSIS = YES;
				CLANG_WARN_STRICT_PROTOTYPES = YES;
				CLANG_WARN_SUSPICIOUS_MOVE = YES;
				CLANG_WARN_UNGUARDED_AVAILABILITY = YES_AGGRESSIVE;
				CLANG_WARN_UNREACHABLE_CODE = YES;
				CLANG_WARN__DUPLICATE_METHOD_MATCH = YES;
				COPY_PHASE_STRIP = NO;
				DEBUG_INFORMATION_FORMAT = dwarf;
				ENABLE_STRICT_OBJC_MSGSEND = YES;
				ENABLE_TESTABILITY = YES;
				GCC_C_LANGUAGE_STANDARD = gnu11;
				GCC_DYNAMIC_NO_PIC = NO;
				GCC_NO_COMMON_BLOCKS = YES;
				GCC_OPTIMIZATION_LEVEL = 0;
				GCC_PREPROCESSOR_DEFINITIONS = (
					"DEBUG=1",
					"$(inherited)",
				);
				GCC_WARN_64_TO_32_BIT_CONVERSION = YES;
				GCC_WARN_ABOUT_RETURN_TYPE = YES_ERROR;
				GCC_WARN_UNDECLARED_SELECTOR = YES;
				GCC_WARN_UNINITIALIZED_AUTOS = YES_AGGRESSIVE;
				GCC_WARN_UNUSED_FUNCTION = YES;
				GCC_WARN_UNUSED_VARIABLE = YES;
				IPHONEOS_DEPLOYMENT_TARGET = 13.4;
				MTL_ENABLE_DEBUG_INFO = INCLUDE_SOURCE;
				MTL_FAST_MATH = YES;
				ONLY_ACTIVE_ARCH = YES;
				SDKROOT = iphoneos;
				SWIFT_ACTIVE_COMPILATION_CONDITIONS = DEBUG;
				SWIFT_OPTIMIZATION_LEVEL = "-Onone";
			};
			name = Debug;
		};
		A05930492477676600D5CB2B /* Release */ = {
			isa = XCBuildConfiguration;
			buildSettings = {
				ALWAYS_SEARCH_USER_PATHS = NO;
				CLANG_ANALYZER_NONNULL = YES;
				CLANG_ANALYZER_NUMBER_OBJECT_CONVERSION = YES_AGGRESSIVE;
				CLANG_CXX_LANGUAGE_STANDARD = "gnu++14";
				CLANG_CXX_LIBRARY = "libc++";
				CLANG_ENABLE_MODULES = YES;
				CLANG_ENABLE_OBJC_ARC = YES;
				CLANG_ENABLE_OBJC_WEAK = YES;
				CLANG_WARN_BLOCK_CAPTURE_AUTORELEASING = YES;
				CLANG_WARN_BOOL_CONVERSION = YES;
				CLANG_WARN_COMMA = YES;
				CLANG_WARN_CONSTANT_CONVERSION = YES;
				CLANG_WARN_DEPRECATED_OBJC_IMPLEMENTATIONS = YES;
				CLANG_WARN_DIRECT_OBJC_ISA_USAGE = YES_ERROR;
				CLANG_WARN_DOCUMENTATION_COMMENTS = YES;
				CLANG_WARN_EMPTY_BODY = YES;
				CLANG_WARN_ENUM_CONVERSION = YES;
				CLANG_WARN_INFINITE_RECURSION = YES;
				CLANG_WARN_INT_CONVERSION = YES;
				CLANG_WARN_NON_LITERAL_NULL_CONVERSION = YES;
				CLANG_WARN_OBJC_IMPLICIT_RETAIN_SELF = YES;
				CLANG_WARN_OBJC_LITERAL_CONVERSION = YES;
				CLANG_WARN_OBJC_ROOT_CLASS = YES_ERROR;
				CLANG_WARN_RANGE_LOOP_ANALYSIS = YES;
				CLANG_WARN_STRICT_PROTOTYPES = YES;
				CLANG_WARN_SUSPICIOUS_MOVE = YES;
				CLANG_WARN_UNGUARDED_AVAILABILITY = YES_AGGRESSIVE;
				CLANG_WARN_UNREACHABLE_CODE = YES;
				CLANG_WARN__DUPLICATE_METHOD_MATCH = YES;
				COPY_PHASE_STRIP = NO;
				DEBUG_INFORMATION_FORMAT = "dwarf-with-dsym";
				ENABLE_NS_ASSERTIONS = NO;
				ENABLE_STRICT_OBJC_MSGSEND = YES;
				GCC_C_LANGUAGE_STANDARD = gnu11;
				GCC_NO_COMMON_BLOCKS = YES;
				GCC_WARN_64_TO_32_BIT_CONVERSION = YES;
				GCC_WARN_ABOUT_RETURN_TYPE = YES_ERROR;
				GCC_WARN_UNDECLARED_SELECTOR = YES;
				GCC_WARN_UNINITIALIZED_AUTOS = YES_AGGRESSIVE;
				GCC_WARN_UNUSED_FUNCTION = YES;
				GCC_WARN_UNUSED_VARIABLE = YES;
				IPHONEOS_DEPLOYMENT_TARGET = 13.4;
				MTL_ENABLE_DEBUG_INFO = NO;
				MTL_FAST_MATH = YES;
				SDKROOT = iphoneos;
				SWIFT_COMPILATION_MODE = wholemodule;
				SWIFT_OPTIMIZATION_LEVEL = "-O";
				VALIDATE_PRODUCT = YES;
			};
			name = Release;
		};
		A059304B2477676600D5CB2B /* Debug */ = {
			isa = XCBuildConfiguration;
			buildSettings = {
				ASSETCATALOG_COMPILER_APPICON_NAME = AppIcon;
				CODE_SIGN_STYLE = Automatic;
				DEVELOPMENT_TEAM = YYU9SVC7P9;
				INFOPLIST_FILE = "image-browser/Info.plist";
				IPHONEOS_DEPLOYMENT_TARGET = 11.0;
				LD_RUNPATH_SEARCH_PATHS = (
					"$(inherited)",
					"@executable_path/Frameworks",
				);
				PRODUCT_BUNDLE_IDENTIFIER = "com.shivam.image-browser";
				PRODUCT_NAME = "$(TARGET_NAME)";
				SWIFT_VERSION = 5.0;
				TARGETED_DEVICE_FAMILY = 1;
			};
			name = Debug;
		};
		A059304C2477676600D5CB2B /* Release */ = {
			isa = XCBuildConfiguration;
			buildSettings = {
				ASSETCATALOG_COMPILER_APPICON_NAME = AppIcon;
				CODE_SIGN_STYLE = Automatic;
				DEVELOPMENT_TEAM = YYU9SVC7P9;
				INFOPLIST_FILE = "image-browser/Info.plist";
				IPHONEOS_DEPLOYMENT_TARGET = 11.0;
				LD_RUNPATH_SEARCH_PATHS = (
					"$(inherited)",
					"@executable_path/Frameworks",
				);
				PRODUCT_BUNDLE_IDENTIFIER = "com.shivam.image-browser";
				PRODUCT_NAME = "$(TARGET_NAME)";
				SWIFT_VERSION = 5.0;
				TARGETED_DEVICE_FAMILY = 1;
			};
			name = Release;
		};
		A059304E2477676600D5CB2B /* Debug */ = {
			isa = XCBuildConfiguration;
			buildSettings = {
				ALWAYS_EMBED_SWIFT_STANDARD_LIBRARIES = YES;
				BUNDLE_LOADER = "$(TEST_HOST)";
				CODE_SIGN_STYLE = Automatic;
				DEVELOPMENT_TEAM = YYU9SVC7P9;
				INFOPLIST_FILE = "image-browserTests/Info.plist";
				IPHONEOS_DEPLOYMENT_TARGET = 13.4;
				LD_RUNPATH_SEARCH_PATHS = (
					"$(inherited)",
					"@executable_path/Frameworks",
					"@loader_path/Frameworks",
				);
				PRODUCT_BUNDLE_IDENTIFIER = "com.shivam.image-browserTests";
				PRODUCT_NAME = "$(TARGET_NAME)";
				SWIFT_VERSION = 5.0;
				TARGETED_DEVICE_FAMILY = "1,2";
				TEST_HOST = "$(BUILT_PRODUCTS_DIR)/image-browser.app/image-browser";
			};
			name = Debug;
		};
		A059304F2477676600D5CB2B /* Release */ = {
			isa = XCBuildConfiguration;
			buildSettings = {
				ALWAYS_EMBED_SWIFT_STANDARD_LIBRARIES = YES;
				BUNDLE_LOADER = "$(TEST_HOST)";
				CODE_SIGN_STYLE = Automatic;
				DEVELOPMENT_TEAM = YYU9SVC7P9;
				INFOPLIST_FILE = "image-browserTests/Info.plist";
				IPHONEOS_DEPLOYMENT_TARGET = 13.4;
				LD_RUNPATH_SEARCH_PATHS = (
					"$(inherited)",
					"@executable_path/Frameworks",
					"@loader_path/Frameworks",
				);
				PRODUCT_BUNDLE_IDENTIFIER = "com.shivam.image-browserTests";
				PRODUCT_NAME = "$(TARGET_NAME)";
				SWIFT_VERSION = 5.0;
				TARGETED_DEVICE_FAMILY = "1,2";
				TEST_HOST = "$(BUILT_PRODUCTS_DIR)/image-browser.app/image-browser";
			};
			name = Release;
		};
/* End XCBuildConfiguration section */

/* Begin XCConfigurationList section */
		A05930262477676100D5CB2B /* Build configuration list for PBXProject "image-browser" */ = {
			isa = XCConfigurationList;
			buildConfigurations = (
				A05930482477676600D5CB2B /* Debug */,
				A05930492477676600D5CB2B /* Release */,
			);
			defaultConfigurationIsVisible = 0;
			defaultConfigurationName = Release;
		};
		A059304A2477676600D5CB2B /* Build configuration list for PBXNativeTarget "image-browser" */ = {
			isa = XCConfigurationList;
			buildConfigurations = (
				A059304B2477676600D5CB2B /* Debug */,
				A059304C2477676600D5CB2B /* Release */,
			);
			defaultConfigurationIsVisible = 0;
			defaultConfigurationName = Release;
		};
		A059304D2477676600D5CB2B /* Build configuration list for PBXNativeTarget "image-browserTests" */ = {
			isa = XCConfigurationList;
			buildConfigurations = (
				A059304E2477676600D5CB2B /* Debug */,
				A059304F2477676600D5CB2B /* Release */,
			);
			defaultConfigurationIsVisible = 0;
			defaultConfigurationName = Release;
		};
/* End XCConfigurationList section */

/* Begin XCRemoteSwiftPackageReference section */
		A06B735B24779A0200818E05 /* XCRemoteSwiftPackageReference "Stevia" */ = {
			isa = XCRemoteSwiftPackageReference;
			repositoryURL = "https://github.com/freshOS/Stevia.git";
			requirement = {
				kind = upToNextMajorVersion;
				minimumVersion = 5.0.1;
			};
		};
/* End XCRemoteSwiftPackageReference section */

/* Begin XCSwiftPackageProductDependency section */
		A06B735C24779A0200818E05 /* Stevia */ = {
			isa = XCSwiftPackageProductDependency;
			package = A06B735B24779A0200818E05 /* XCRemoteSwiftPackageReference "Stevia" */;
			productName = Stevia;
		};
/* End XCSwiftPackageProductDependency section */
	};
	rootObject = A05930232477676100D5CB2B /* Project object */;
}
